// !$*UTF8*$!
{
	archiveVersion = 1;
	classes = {
	};
	objectVersion = 77;
	objects = {

/* Begin PBXContainerItemProxy section */
		A2C335002ECCD0BF0045BA51 /* PBXContainerItemProxy */ = {
			isa = PBXContainerItemProxy;
			containerPortal = A2C334EA2ECCD0BE0045BA51 /* Project object */;
			proxyType = 1;
			remoteGlobalIDString = A2C334F12ECCD0BE0045BA51;
			remoteInfo = MyInvestor;
		};
		A2C3350A2ECCD0BF0045BA51 /* PBXContainerItemProxy */ = {
			isa = PBXContainerItemProxy;
			containerPortal = A2C334EA2ECCD0BE0045BA51 /* Project object */;
			proxyType = 1;
			remoteGlobalIDString = A2C334F12ECCD0BE0045BA51;
			remoteInfo = MyInvestor;
		};
/* End PBXContainerItemProxy section */

/* Begin PBXFileReference section */
		A2C334F22ECCD0BE0045BA51 /* MyInvestor.app */ = {isa = PBXFileReference; explicitFileType = wrapper.application; includeInIndex = 0; path = MyInvestor.app; sourceTree = BUILT_PRODUCTS_DIR; };
		A2C334FF2ECCD0BF0045BA51 /* MyInvestorTests.xctest */ = {isa = PBXFileReference; explicitFileType = wrapper.cfbundle; includeInIndex = 0; path = MyInvestorTests.xctest; sourceTree = BUILT_PRODUCTS_DIR; };
		A2C335092ECCD0BF0045BA51 /* MyInvestorUITests.xctest */ = {isa = PBXFileReference; explicitFileType = wrapper.cfbundle; includeInIndex = 0; path = MyInvestorUITests.xctest; sourceTree = BUILT_PRODUCTS_DIR; };
/* End PBXFileReference section */

/* Begin PBXFileSystemSynchronizedRootGroup section */
		A2C334F42ECCD0BE0045BA51 /* MyInvestor */ = {
			isa = PBXFileSystemSynchronizedRootGroup;
			path = MyInvestor;
			sourceTree = "<group>";
		};
		A2C335022ECCD0BF0045BA51 /* MyInvestorTests */ = {
			isa = PBXFileSystemSynchronizedRootGroup;
			path = MyInvestorTests;
			sourceTree = "<group>";
		};
		A2C3350C2ECCD0BF0045BA51 /* MyInvestorUITests */ = {
			isa = PBXFileSystemSynchronizedRootGroup;
			path = MyInvestorUITests;
			sourceTree = "<group>";
		};
/* End PBXFileSystemSynchronizedRootGroup section */

/* Begin PBXFrameworksBuildPhase section */
		A2C334EF2ECCD0BE0045BA51 /* Frameworks */ = {
			isa = PBXFrameworksBuildPhase;
			buildActionMask = 2147483647;
			files = (
			);
			runOnlyForDeploymentPostprocessing = 0;
		};
		A2C334FC2ECCD0BF0045BA51 /* Frameworks */ = {
			isa = PBXFrameworksBuildPhase;
			buildActionMask = 2147483647;
			files = (
			);
			runOnlyForDeploymentPostprocessing = 0;
		};
		A2C335062ECCD0BF0045BA51 /* Frameworks */ = {
			isa = PBXFrameworksBuildPhase;
			buildActionMask = 2147483647;
			files = (
			);
			runOnlyForDeploymentPostprocessing = 0;
		};
/* End PBXFrameworksBuildPhase section */

/* Begin PBXGroup section */
		A2C334E92ECCD0BE0045BA51 = {
			isa = PBXGroup;
			children = (
				A2C334F42ECCD0BE0045BA51 /* MyInvestor */,
				A2C335022ECCD0BF0045BA51 /* MyInvestorTests */,
				A2C3350C2ECCD0BF0045BA51 /* MyInvestorUITests */,
				A2C334F32ECCD0BE0045BA51 /* Products */,
			);
			sourceTree = "<group>";
		};
		A2C334F32ECCD0BE0045BA51 /* Products */ = {
			isa = PBXGroup;
			children = (
				A2C334F22ECCD0BE0045BA51 /* MyInvestor.app */,
				A2C334FF2ECCD0BF0045BA51 /* MyInvestorTests.xctest */,
				A2C335092ECCD0BF0045BA51 /* MyInvestorUITests.xctest */,
			);
			name = Products;
			sourceTree = "<group>";
		};
/* End PBXGroup section */

/* Begin PBXNativeTarget section */
		A2C334F12ECCD0BE0045BA51 /* MyInvestor */ = {
			isa = PBXNativeTarget;
			buildConfigurationList = A2C335132ECCD0BF0045BA51 /* Build configuration list for PBXNativeTarget "MyInvestor" */;
			buildPhases = (
				A2C334EE2ECCD0BE0045BA51 /* Sources */,
				A2C334EF2ECCD0BE0045BA51 /* Frameworks */,
				A2C334F02ECCD0BE0045BA51 /* Resources */,
			);
			buildRules = (
			);
			dependencies = (
			);
			fileSystemSynchronizedGroups = (
				A2C334F42ECCD0BE0045BA51 /* MyInvestor */,
			);
			name = MyInvestor;
			packageProductDependencies = (
			);
			productName = MyInvestor;
			productReference = A2C334F22ECCD0BE0045BA51 /* MyInvestor.app */;
			productType = "com.apple.product-type.application";
		};
		A2C334FE2ECCD0BF0045BA51 /* MyInvestorTests */ = {
			isa = PBXNativeTarget;
			buildConfigurationList = A2C335162ECCD0BF0045BA51 /* Build configuration list for PBXNativeTarget "MyInvestorTests" */;
			buildPhases = (
				A2C334FB2ECCD0BF0045BA51 /* Sources */,
				A2C334FC2ECCD0BF0045BA51 /* Frameworks */,
				A2C334FD2ECCD0BF0045BA51 /* Resources */,
			);
			buildRules = (
			);
			dependencies = (
				A2C335012ECCD0BF0045BA51 /* PBXTargetDependency */,
			);
			fileSystemSynchronizedGroups = (
				A2C335022ECCD0BF0045BA51 /* MyInvestorTests */,
			);
			name = MyInvestorTests;
			packageProductDependencies = (
			);
			productName = MyInvestorTests;
			productReference = A2C334FF2ECCD0BF0045BA51 /* MyInvestorTests.xctest */;
			productType = "com.apple.product-type.bundle.unit-test";
		};
		A2C335082ECCD0BF0045BA51 /* MyInvestorUITests */ = {
			isa = PBXNativeTarget;
			buildConfigurationList = A2C335192ECCD0BF0045BA51 /* Build configuration list for PBXNativeTarget "MyInvestorUITests" */;
			buildPhases = (
				A2C335052ECCD0BF0045BA51 /* Sources */,
				A2C335062ECCD0BF0045BA51 /* Frameworks */,
				A2C335072ECCD0BF0045BA51 /* Resources */,
			);
			buildRules = (
			);
			dependencies = (
				A2C3350B2ECCD0BF0045BA51 /* PBXTargetDependency */,
			);
			fileSystemSynchronizedGroups = (
				A2C3350C2ECCD0BF0045BA51 /* MyInvestorUITests */,
			);
			name = MyInvestorUITests;
			packageProductDependencies = (
			);
			productName = MyInvestorUITests;
			productReference = A2C335092ECCD0BF0045BA51 /* MyInvestorUITests.xctest */;
			productType = "com.apple.product-type.bundle.ui-testing";
		};
/* End PBXNativeTarget section */

/* Begin PBXProject section */
		A2C334EA2ECCD0BE0045BA51 /* Project object */ = {
			isa = PBXProject;
			attributes = {
				BuildIndependentTargetsInParallel = 1;
				LastSwiftUpdateCheck = 1640;
				LastUpgradeCheck = 1640;
				TargetAttributes = {
					A2C334F12ECCD0BE0045BA51 = {
						CreatedOnToolsVersion = 16.4;
					};
					A2C334FE2ECCD0BF0045BA51 = {
						CreatedOnToolsVersion = 16.4;
						TestTargetID = A2C334F12ECCD0BE0045BA51;
					};
					A2C335082ECCD0BF0045BA51 = {
						CreatedOnToolsVersion = 16.4;
						TestTargetID = A2C334F12ECCD0BE0045BA51;
					};
				};
			};
			buildConfigurationList = A2C334ED2ECCD0BE0045BA51 /* Build configuration list for PBXProject "MyInvestor" */;
			developmentRegion = en;
			hasScannedForEncodings = 0;
			knownRegions = (
				en,
				Base,
			);
			mainGroup = A2C334E92ECCD0BE0045BA51;
			minimizedProjectReferenceProxies = 1;
			preferredProjectObjectVersion = 77;
			productRefGroup = A2C334F32ECCD0BE0045BA51 /* Products */;
			projectDirPath = "";
			projectRoot = "";
			targets = (
				A2C334F12ECCD0BE0045BA51 /* MyInvestor */,
				A2C334FE2ECCD0BF0045BA51 /* MyInvestorTests */,
				A2C335082ECCD0BF0045BA51 /* MyInvestorUITests */,
			);
		};
/* End PBXProject section */

/* Begin PBXResourcesBuildPhase section */
		A2C334F02ECCD0BE0045BA51 /* Resources */ = {
			isa = PBXResourcesBuildPhase;
			buildActionMask = 2147483647;
			files = (
			);
			runOnlyForDeploymentPostprocessing = 0;
		};
		A2C334FD2ECCD0BF0045BA51 /* Resources */ = {
			isa = PBXResourcesBuildPhase;
			buildActionMask = 2147483647;
			files = (
			);
			runOnlyForDeploymentPostprocessing = 0;
		};
		A2C335072ECCD0BF0045BA51 /* Resources */ = {
			isa = PBXResourcesBuildPhase;
			buildActionMask = 2147483647;
			files = (
			);
			runOnlyForDeploymentPostprocessing = 0;
		};
/* End PBXResourcesBuildPhase section */

/* Begin PBXSourcesBuildPhase section */
		A2C334EE2ECCD0BE0045BA51 /* Sources */ = {
			isa = PBXSourcesBuildPhase;
			buildActionMask = 2147483647;
			files = (
			);
			runOnlyForDeploymentPostprocessing = 0;
		};
		A2C334FB2ECCD0BF0045BA51 /* Sources */ = {
			isa = PBXSourcesBuildPhase;
			buildActionMask = 2147483647;
			files = (
			);
			runOnlyForDeploymentPostprocessing = 0;
		};
		A2C335052ECCD0BF0045BA51 /* Sources */ = {
			isa = PBXSourcesBuildPhase;
			buildActionMask = 2147483647;
			files = (
			);
			runOnlyForDeploymentPostprocessing = 0;
		};
/* End PBXSourcesBuildPhase section */

/* Begin PBXTargetDependency section */
		A2C335012ECCD0BF0045BA51 /* PBXTargetDependency */ = {
			isa = PBXTargetDependency;
			target = A2C334F12ECCD0BE0045BA51 /* MyInvestor */;
			targetProxy = A2C335002ECCD0BF0045BA51 /* PBXContainerItemProxy */;
		};
		A2C3350B2ECCD0BF0045BA51 /* PBXTargetDependency */ = {
			isa = PBXTargetDependency;
			target = A2C334F12ECCD0BE0045BA51 /* MyInvestor */;
			targetProxy = A2C3350A2ECCD0BF0045BA51 /* PBXContainerItemProxy */;
		};
/* End PBXTargetDependency section */

/* Begin XCBuildConfiguration section */
		A2C335112ECCD0BF0045BA51 /* Debug */ = {
			isa = XCBuildConfiguration;
			buildSettings = {
				ALWAYS_SEARCH_USER_PATHS = NO;
				ASSETCATALOG_COMPILER_GENERATE_SWIFT_ASSET_SYMBOL_EXTENSIONS = YES;
				CLANG_ANALYZER_NONNULL = YES;
				CLANG_ANALYZER_NUMBER_OBJECT_CONVERSION = YES_AGGRESSIVE;
				CLANG_CXX_LANGUAGE_STANDARD = "gnu++20";
				CLANG_ENABLE_MODULES = YES;
				CLANG_ENABLE_OBJC_ARC = YES;
				CLANG_ENABLE_OBJC_WEAK = YES;
				CLANG_WARN_BLOCK_CAPTURE_AUTORELEASING = YES;
				CLANG_WARN_BOOL_CONVERSION = YES;
				CLANG_WARN_COMMA = YES;
				CLANG_WARN_CONSTANT_CONVERSION = YES;
				CLANG_WARN_DEPRECATED_OBJC_IMPLEMENTATIONS = YES;
				CLANG_WARN_DIRECT_OBJC_ISA_USAGE = YES_ERROR;
				CLANG_WARN_DOCUMENTATION_COMMENTS = YES;
				CLANG_WARN_EMPTY_BODY = YES;
				CLANG_WARN_ENUM_CONVERSION = YES;
				CLANG_WARN_INFINITE_RECURSION = YES;
				CLANG_WARN_INT_CONVERSION = YES;
				CLANG_WARN_NON_LITERAL_NULL_CONVERSION = YES;
				CLANG_WARN_OBJC_IMPLICIT_RETAIN_SELF = YES;
				CLANG_WARN_OBJC_LITERAL_CONVERSION = YES;
				CLANG_WARN_OBJC_ROOT_CLASS = YES_ERROR;
				CLANG_WARN_QUOTED_INCLUDE_IN_FRAMEWORK_HEADER = YES;
				CLANG_WARN_RANGE_LOOP_ANALYSIS = YES;
				CLANG_WARN_STRICT_PROTOTYPES = YES;
				CLANG_WARN_SUSPICIOUS_MOVE = YES;
				CLANG_WARN_UNGUARDED_AVAILABILITY = YES_AGGRESSIVE;
				CLANG_WARN_UNREACHABLE_CODE = YES;
				CLANG_WARN__DUPLICATE_METHOD_MATCH = YES;
				COPY_PHASE_STRIP = NO;
				DEBUG_INFORMATION_FORMAT = dwarf;
				DEVELOPMENT_TEAM = 27DWCR48XL;
				ENABLE_STRICT_OBJC_MSGSEND = YES;
				ENABLE_TESTABILITY = YES;
				ENABLE_USER_SCRIPT_SANDBOXING = YES;
				GCC_C_LANGUAGE_STANDARD = gnu17;
				GCC_DYNAMIC_NO_PIC = NO;
				GCC_NO_COMMON_BLOCKS = YES;
				GCC_OPTIMIZATION_LEVEL = 0;
				GCC_PREPROCESSOR_DEFINITIONS = (
					"DEBUG=1",
					"$(inherited)",
				);
				GCC_WARN_64_TO_32_BIT_CONVERSION = YES;
				GCC_WARN_ABOUT_RETURN_TYPE = YES_ERROR;
				GCC_WARN_UNDECLARED_SELECTOR = YES;
				GCC_WARN_UNINITIALIZED_AUTOS = YES_AGGRESSIVE;
				GCC_WARN_UNUSED_FUNCTION = YES;
				GCC_WARN_UNUSED_VARIABLE = YES;
				IPHONEOS_DEPLOYMENT_TARGET = 18.5;
				LOCALIZATION_PREFERS_STRING_CATALOGS = YES;
				MTL_ENABLE_DEBUG_INFO = INCLUDE_SOURCE;
				MTL_FAST_MATH = YES;
				ONLY_ACTIVE_ARCH = YES;
				SDKROOT = iphoneos;
				SWIFT_ACTIVE_COMPILATION_CONDITIONS = "DEBUG $(inherited)";
				SWIFT_OPTIMIZATION_LEVEL = "-Onone";
			};
			name = Debug;
		};
		A2C335122ECCD0BF0045BA51 /* Release */ = {
			isa = XCBuildConfiguration;
			buildSettings = {
				ALWAYS_SEARCH_USER_PATHS = NO;
				ASSETCATALOG_COMPILER_GENERATE_SWIFT_ASSET_SYMBOL_EXTENSIONS = YES;
				CLANG_ANALYZER_NONNULL = YES;
				CLANG_ANALYZER_NUMBER_OBJECT_CONVERSION = YES_AGGRESSIVE;
				CLANG_CXX_LANGUAGE_STANDARD = "gnu++20";
				CLANG_ENABLE_MODULES = YES;
				CLANG_ENABLE_OBJC_ARC = YES;
				CLANG_ENABLE_OBJC_WEAK = YES;
				CLANG_WARN_BLOCK_CAPTURE_AUTORELEASING = YES;
				CLANG_WARN_BOOL_CONVERSION = YES;
				CLANG_WARN_COMMA = YES;
				CLANG_WARN_CONSTANT_CONVERSION = YES;
				CLANG_WARN_DEPRECATED_OBJC_IMPLEMENTATIONS = YES;
				CLANG_WARN_DIRECT_OBJC_ISA_USAGE = YES_ERROR;
				CLANG_WARN_DOCUMENTATION_COMMENTS = YES;
				CLANG_WARN_EMPTY_BODY = YES;
				CLANG_WARN_ENUM_CONVERSION = YES;
				CLANG_WARN_INFINITE_RECURSION = YES;
				CLANG_WARN_INT_CONVERSION = YES;
				CLANG_WARN_NON_LITERAL_NULL_CONVERSION = YES;
				CLANG_WARN_OBJC_IMPLICIT_RETAIN_SELF = YES;
				CLANG_WARN_OBJC_LITERAL_CONVERSION = YES;
				CLANG_WARN_OBJC_ROOT_CLASS = YES_ERROR;
				CLANG_WARN_QUOTED_INCLUDE_IN_FRAMEWORK_HEADER = YES;
				CLANG_WARN_RANGE_LOOP_ANALYSIS = YES;
				CLANG_WARN_STRICT_PROTOTYPES = YES;
				CLANG_WARN_SUSPICIOUS_MOVE = YES;
				CLANG_WARN_UNGUARDED_AVAILABILITY = YES_AGGRESSIVE;
				CLANG_WARN_UNREACHABLE_CODE = YES;
				CLANG_WARN__DUPLICATE_METHOD_MATCH = YES;
				COPY_PHASE_STRIP = NO;
				DEBUG_INFORMATION_FORMAT = "dwarf-with-dsym";
				DEVELOPMENT_TEAM = 27DWCR48XL;
				ENABLE_NS_ASSERTIONS = NO;
				ENABLE_STRICT_OBJC_MSGSEND = YES;
				ENABLE_USER_SCRIPT_SANDBOXING = YES;
				GCC_C_LANGUAGE_STANDARD = gnu17;
				GCC_NO_COMMON_BLOCKS = YES;
				GCC_WARN_64_TO_32_BIT_CONVERSION = YES;
				GCC_WARN_ABOUT_RETURN_TYPE = YES_ERROR;
				GCC_WARN_UNDECLARED_SELECTOR = YES;
				GCC_WARN_UNINITIALIZED_AUTOS = YES_AGGRESSIVE;
				GCC_WARN_UNUSED_FUNCTION = YES;
				GCC_WARN_UNUSED_VARIABLE = YES;
				IPHONEOS_DEPLOYMENT_TARGET = 18.5;
				LOCALIZATION_PREFERS_STRING_CATALOGS = YES;
				MTL_ENABLE_DEBUG_INFO = NO;
				MTL_FAST_MATH = YES;
				SDKROOT = iphoneos;
				SWIFT_COMPILATION_MODE = wholemodule;
				VALIDATE_PRODUCT = YES;
			};
			name = Release;
		};
		A2C335142ECCD0BF0045BA51 /* Debug */ = {
			isa = XCBuildConfiguration;
			buildSettings = {
				ASSETCATALOG_COMPILER_APPICON_NAME = AppIcon;
				ASSETCATALOG_COMPILER_GLOBAL_ACCENT_COLOR_NAME = AccentColor;
				CODE_SIGN_STYLE = Automatic;
				CURRENT_PROJECT_VERSION = 1;
				DEVELOPMENT_TEAM = 27DWCR48XL;
				ENABLE_PREVIEWS = YES;
				GENERATE_INFOPLIST_FILE = YES;
				INFOPLIST_KEY_UIApplicationSceneManifest_Generation = YES;
				INFOPLIST_KEY_UIApplicationSupportsIndirectInputEvents = YES;
				INFOPLIST_KEY_UILaunchScreen_Generation = YES;
				INFOPLIST_KEY_UISupportedInterfaceOrientations_iPad = "UIInterfaceOrientationPortrait UIInterfaceOrientationPortraitUpsideDown UIInterfaceOrientationLandscapeLeft UIInterfaceOrientationLandscapeRight";
				INFOPLIST_KEY_UISupportedInterfaceOrientations_iPhone = "UIInterfaceOrientationPortrait UIInterfaceOrientationLandscapeLeft UIInterfaceOrientationLandscapeRight";
				LD_RUNPATH_SEARCH_PATHS = (
					"$(inherited)",
					"@executable_path/Frameworks",
				);
				MARKETING_VERSION = 1.0;
				PRODUCT_BUNDLE_IDENTIFIER = Skebob.MyInvestor;
				PRODUCT_NAME = "$(TARGET_NAME)";
				SWIFT_EMIT_LOC_STRINGS = YES;
				SWIFT_VERSION = 5.0;
				TARGETED_DEVICE_FAMILY = "1,2";
			};
			name = Debug;
		};
		A2C335152ECCD0BF0045BA51 /* Release */ = {
			isa = XCBuildConfiguration;
			buildSettings = {
				ASSETCATALOG_COMPILER_APPICON_NAME = AppIcon;
				ASSETCATALOG_COMPILER_GLOBAL_ACCENT_COLOR_NAME = AccentColor;
				CODE_SIGN_STYLE = Automatic;
				CURRENT_PROJECT_VERSION = 1;
				DEVELOPMENT_TEAM = 27DWCR48XL;
				ENABLE_PREVIEWS = YES;
				GENERATE_INFOPLIST_FILE = YES;
				INFOPLIST_KEY_UIApplicationSceneManifest_Generation = YES;
				INFOPLIST_KEY_UIApplicationSupportsIndirectInputEvents = YES;
				INFOPLIST_KEY_UILaunchScreen_Generation = YES;
				INFOPLIST_KEY_UISupportedInterfaceOrientations_iPad = "UIInterfaceOrientationPortrait UIInterfaceOrientationPortraitUpsideDown UIInterfaceOrientationLandscapeLeft UIInterfaceOrientationLandscapeRight";
				INFOPLIST_KEY_UISupportedInterfaceOrientations_iPhone = "UIInterfaceOrientationPortrait UIInterfaceOrientationLandscapeLeft UIInterfaceOrientationLandscapeRight";
				LD_RUNPATH_SEARCH_PATHS = (
					"$(inherited)",
					"@executable_path/Frameworks",
				);
				MARKETING_VERSION = 1.0;
				PRODUCT_BUNDLE_IDENTIFIER = Skebob.MyInvestor;
				PRODUCT_NAME = "$(TARGET_NAME)";
				SWIFT_EMIT_LOC_STRINGS = YES;
				SWIFT_VERSION = 5.0;
				TARGETED_DEVICE_FAMILY = "1,2";
			};
			name = Release;
		};
		A2C335172ECCD0BF0045BA51 /* Debug */ = {
			isa = XCBuildConfiguration;
			buildSettings = {
				BUNDLE_LOADER = "$(TEST_HOST)";
				CODE_SIGN_STYLE = Automatic;
				CURRENT_PROJECT_VERSION = 1;
				DEVELOPMENT_TEAM = 27DWCR48XL;
				GENERATE_INFOPLIST_FILE = YES;
				IPHONEOS_DEPLOYMENT_TARGET = 18.5;
				MARKETING_VERSION = 1.0;
				PRODUCT_BUNDLE_IDENTIFIER = Skebob.MyInvestorTests;
				PRODUCT_NAME = "$(TARGET_NAME)";
				SWIFT_EMIT_LOC_STRINGS = NO;
				SWIFT_VERSION = 5.0;
				TARGETED_DEVICE_FAMILY = "1,2";
				TEST_HOST = "$(BUILT_PRODUCTS_DIR)/MyInvestor.app/$(BUNDLE_EXECUTABLE_FOLDER_PATH)/MyInvestor";
			};
			name = Debug;
		};
		A2C335182ECCD0BF0045BA51 /* Release */ = {
			isa = XCBuildConfiguration;
			buildSettings = {
				BUNDLE_LOADER = "$(TEST_HOST)";
				CODE_SIGN_STYLE = Automatic;
				CURRENT_PROJECT_VERSION = 1;
				DEVELOPMENT_TEAM = 27DWCR48XL;
				GENERATE_INFOPLIST_FILE = YES;
				IPHONEOS_DEPLOYMENT_TARGET = 18.5;
				MARKETING_VERSION = 1.0;
				PRODUCT_BUNDLE_IDENTIFIER = Skebob.MyInvestorTests;
				PRODUCT_NAME = "$(TARGET_NAME)";
				SWIFT_EMIT_LOC_STRINGS = NO;
				SWIFT_VERSION = 5.0;
				TARGETED_DEVICE_FAMILY = "1,2";
				TEST_HOST = "$(BUILT_PRODUCTS_DIR)/MyInvestor.app/$(BUNDLE_EXECUTABLE_FOLDER_PATH)/MyInvestor";
			};
			name = Release;
		};
		A2C3351A2ECCD0BF0045BA51 /* Debug */ = {
			isa = XCBuildConfiguration;
			buildSettings = {
				CODE_SIGN_STYLE = Automatic;
				CURRENT_PROJECT_VERSION = 1;
				DEVELOPMENT_TEAM = 27DWCR48XL;
				GENERATE_INFOPLIST_FILE = YES;
				MARKETING_VERSION = 1.0;
				PRODUCT_BUNDLE_IDENTIFIER = Skebob.MyInvestorUITests;
				PRODUCT_NAME = "$(TARGET_NAME)";
				SWIFT_EMIT_LOC_STRINGS = NO;
				SWIFT_VERSION = 5.0;
				TARGETED_DEVICE_FAMILY = "1,2";
				TEST_TARGET_NAME = MyInvestor;
			};
			name = Debug;
		};
		A2C3351B2ECCD0BF0045BA51 /* Release */ = {
			isa = XCBuildConfiguration;
			buildSettings = {
				CODE_SIGN_STYLE = Automatic;
				CURRENT_PROJECT_VERSION = 1;
				DEVELOPMENT_TEAM = 27DWCR48XL;
				GENERATE_INFOPLIST_FILE = YES;
				MARKETING_VERSION = 1.0;
				PRODUCT_BUNDLE_IDENTIFIER = Skebob.MyInvestorUITests;
				PRODUCT_NAME = "$(TARGET_NAME)";
				SWIFT_EMIT_LOC_STRINGS = NO;
				SWIFT_VERSION = 5.0;
				TARGETED_DEVICE_FAMILY = "1,2";
				TEST_TARGET_NAME = MyInvestor;
			};
			name = Release;
		};
/* End XCBuildConfiguration section */

/* Begin XCConfigurationList section */
		A2C334ED2ECCD0BE0045BA51 /* Build configuration list for PBXProject "MyInvestor" */ = {
			isa = XCConfigurationList;
			buildConfigurations = (
				A2C335112ECCD0BF0045BA51 /* Debug */,
				A2C335122ECCD0BF0045BA51 /* Release */,
			);
			defaultConfigurationIsVisible = 0;
			defaultConfigurationName = Release;
		};
		A2C335132ECCD0BF0045BA51 /* Build configuration list for PBXNativeTarget "MyInvestor" */ = {
			isa = XCConfigurationList;
			buildConfigurations = (
				A2C335142ECCD0BF0045BA51 /* Debug */,
				A2C335152ECCD0BF0045BA51 /* Release */,
			);
			defaultConfigurationIsVisible = 0;
			defaultConfigurationName = Release;
		};
		A2C335162ECCD0BF0045BA51 /* Build configuration list for PBXNativeTarget "MyInvestorTests" */ = {
			isa = XCConfigurationList;
			buildConfigurations = (
				A2C335172ECCD0BF0045BA51 /* Debug */,
				A2C335182ECCD0BF0045BA51 /* Release */,
			);
			defaultConfigurationIsVisible = 0;
			defaultConfigurationName = Release;
		};
		A2C335192ECCD0BF0045BA51 /* Build configuration list for PBXNativeTarget "MyInvestorUITests" */ = {
			isa = XCConfigurationList;
			buildConfigurations = (
				A2C3351A2ECCD0BF0045BA51 /* Debug */,
				A2C3351B2ECCD0BF0045BA51 /* Release */,
			);
			defaultConfigurationIsVisible = 0;
			defaultConfigurationName = Release;
		};
/* End XCConfigurationList section */
	};
	rootObject = A2C334EA2ECCD0BE0045BA51 /* Project object */;
}
